
Microsoft Visual Studio Solution File, Format Version 12.00
# Visual Studio Version 16
VisualStudioVersion = 16.0.29403.142
MinimumVisualStudioVersion = 10.0.40219.1
Project("{FAE04EC0-301F-11D3-BF4B-00C04F79EFBC}") = "SamplePattern", "SamplePattern\SamplePattern.csproj", "{EB3D0CC2-E722-493D-8672-B1DC045AD0F1}"
EndProject
Global
	GlobalSection(SolutionConfigurationPlatforms) = preSolution
		Debug|Any CPU = Debug|Any CPU
		Release|Any CPU = Release|Any CPU
	EndGlobalSection
	GlobalSection(ProjectConfigurationPlatforms) = postSolution
		{EB3D0CC2-E722-493D-8672-B1DC045AD0F1}.Debug|Any CPU.ActiveCfg = Debug|Any CPU
		{EB3D0CC2-E722-493D-8672-B1DC045AD0F1}.Debug|Any CPU.Build.0 = Debug|Any CPU
		{EB3D0CC2-E722-493D-8672-B1DC045AD0F1}.Release|Any CPU.ActiveCfg = Release|Any CPU
		{EB3D0CC2-E722-493D-8672-B1DC045AD0F1}.Release|Any CPU.Build.0 = Release|Any CPU
	EndGlobalSection
	GlobalSection(SolutionProperties) = preSolution
		HideSolutionNode = FALSE
	EndGlobalSection
	GlobalSection(ExtensibilityGlobals) = postSolution
		SolutionGuid = {E09A8702-0B2D-44A1-8417-C2DB4A0AB6FD}
	EndGlobalSection
EndGlobal
